
Microsoft Visual Studio Solution File, Format Version 12.00
# Visual Studio Version 17
VisualStudioVersion = 17.0.32112.339
MinimumVisualStudioVersion = 10.0.40219.1
Project("{FAE04EC0-301F-11D3-BF4B-00C04F79EFBC}") = "NS.EMS.WEB", "NS.EMS.WEB\NS.EMS.WEB.csproj", "{26F436BC-88D8-405A-A39E-11A98D8908EB}"
EndProject
Project("{FAE04EC0-301F-11D3-BF4B-00C04F79EFBC}") = "NS.EMS.Repository", "NS.EMS.Repository\NS.EMS.Repository.csproj", "{789BD2A2-1A8B-4856-A857-222E0B46DE4F}"
EndProject
Project("{FAE04EC0-301F-11D3-BF4B-00C04F79EFBC}") = "NS.EMS.Data", "NS.EMS.Data\NS.EMS.Data.csproj", "{AB011BED-6B56-4B3B-8CD2-6797F00D168A}"
EndProject
Project("{FAE04EC0-301F-11D3-BF4B-00C04F79EFBC}") = "NS.EMS.Business", "NS.EMS.Business\NS.EMS.Business.csproj", "{37869A9C-8B8E-40E8-9759-469CD234652B}"
EndProject
Project("{FAE04EC0-301F-11D3-BF4B-00C04F79EFBC}") = "NS.EMS.Model", "NS.EMS.Model\NS.EMS.Model.csproj", "{608FEC4F-47C8-44DD-A243-1DE1DD1D9F05}"
EndProject
Global
	GlobalSection(SolutionConfigurationPlatforms) = preSolution
		Debug|Any CPU = Debug|Any CPU
		Release|Any CPU = Release|Any CPU
	EndGlobalSection
	GlobalSection(ProjectConfigurationPlatforms) = postSolution
		{26F436BC-88D8-405A-A39E-11A98D8908EB}.Debug|Any CPU.ActiveCfg = Debug|Any CPU
		{26F436BC-88D8-405A-A39E-11A98D8908EB}.Debug|Any CPU.Build.0 = Debug|Any CPU
		{26F436BC-88D8-405A-A39E-11A98D8908EB}.Release|Any CPU.ActiveCfg = Release|Any CPU
		{26F436BC-88D8-405A-A39E-11A98D8908EB}.Release|Any CPU.Build.0 = Release|Any CPU
		{789BD2A2-1A8B-4856-A857-222E0B46DE4F}.Debug|Any CPU.ActiveCfg = Debug|Any CPU
		{789BD2A2-1A8B-4856-A857-222E0B46DE4F}.Debug|Any CPU.Build.0 = Debug|Any CPU
		{789BD2A2-1A8B-4856-A857-222E0B46DE4F}.Release|Any CPU.ActiveCfg = Release|Any CPU
		{789BD2A2-1A8B-4856-A857-222E0B46DE4F}.Release|Any CPU.Build.0 = Release|Any CPU
		{AB011BED-6B56-4B3B-8CD2-6797F00D168A}.Debug|Any CPU.ActiveCfg = Debug|Any CPU
		{AB011BED-6B56-4B3B-8CD2-6797F00D168A}.Debug|Any CPU.Build.0 = Debug|Any CPU
		{AB011BED-6B56-4B3B-8CD2-6797F00D168A}.Release|Any CPU.ActiveCfg = Release|Any CPU
		{AB011BED-6B56-4B3B-8CD2-6797F00D168A}.Release|Any CPU.Build.0 = Release|Any CPU
		{37869A9C-8B8E-40E8-9759-469CD234652B}.Debug|Any CPU.ActiveCfg = Debug|Any CPU
		{37869A9C-8B8E-40E8-9759-469CD234652B}.Debug|Any CPU.Build.0 = Debug|Any CPU
		{37869A9C-8B8E-40E8-9759-469CD234652B}.Release|Any CPU.ActiveCfg = Release|Any CPU
		{37869A9C-8B8E-40E8-9759-469CD234652B}.Release|Any CPU.Build.0 = Release|Any CPU
		{608FEC4F-47C8-44DD-A243-1DE1DD1D9F05}.Debug|Any CPU.ActiveCfg = Debug|Any CPU
		{608FEC4F-47C8-44DD-A243-1DE1DD1D9F05}.Debug|Any CPU.Build.0 = Debug|Any CPU
		{608FEC4F-47C8-44DD-A243-1DE1DD1D9F05}.Release|Any CPU.ActiveCfg = Release|Any CPU
		{608FEC4F-47C8-44DD-A243-1DE1DD1D9F05}.Release|Any CPU.Build.0 = Release|Any CPU
	EndGlobalSection
	GlobalSection(SolutionProperties) = preSolution
		HideSolutionNode = FALSE
	EndGlobalSection
	GlobalSection(ExtensibilityGlobals) = postSolution
		SolutionGuid = {7D3D8B36-8059-4261-82D7-28E10EA8DC35}
	EndGlobalSection
EndGlobal
